
Microsoft Visual Studio Solution File, Format Version 12.00
# Visual Studio Version 17
VisualStudioVersion = 17.7.34031.279
MinimumVisualStudioVersion = 10.0.40219.1
Project("{FAE04EC0-301F-11D3-BF4B-00C04F79EFBC}") = "lab3.4Popov", "lab3.4Popov\lab3.4Popov.csproj", "{6E120ECB-0DD6-4306-AF84-3BC7FCB594E4}"
EndProject
Global
	GlobalSection(SolutionConfigurationPlatforms) = preSolution
		Debug|Any CPU = Debug|Any CPU
		Release|Any CPU = Release|Any CPU
	EndGlobalSection
	GlobalSection(ProjectConfigurationPlatforms) = postSolution
		{6E120ECB-0DD6-4306-AF84-3BC7FCB594E4}.Debug|Any CPU.ActiveCfg = Debug|Any CPU
		{6E120ECB-0DD6-4306-AF84-3BC7FCB594E4}.Debug|Any CPU.Build.0 = Debug|Any CPU
		{6E120ECB-0DD6-4306-AF84-3BC7FCB594E4}.Release|Any CPU.ActiveCfg = Release|Any CPU
		{6E120ECB-0DD6-4306-AF84-3BC7FCB594E4}.Release|Any CPU.Build.0 = Release|Any CPU
	EndGlobalSection
	GlobalSection(SolutionProperties) = preSolution
		HideSolutionNode = FALSE
	EndGlobalSection
	GlobalSection(ExtensibilityGlobals) = postSolution
		SolutionGuid = {FF50E8A2-82AF-45CB-A2D4-030B489F2DFF}
	EndGlobalSection
EndGlobal
